
Microsoft Visual Studio Solution File, Format Version 12.00
# Visual Studio Version 17
VisualStudioVersion = 17.1.32210.238
MinimumVisualStudioVersion = 10.0.40219.1
Project("{9A19103F-16F7-4668-BE54-9A1E7A4F7556}") = "Orders.Console", "Orders.Console\Orders.Console.csproj", "{66A8A6D5-734A-4D14-B518-1D6D90BD83A8}"
EndProject
Project("{FAE04EC0-301F-11D3-BF4B-00C04F79EFBC}") = "Orders.Web", "Orders.Web\Orders.Web.csproj", "{6F1261C0-0235-4FE7-A8F5-1EBCF1D8107F}"
EndProject
Project("{FAE04EC0-301F-11D3-BF4B-00C04F79EFBC}") = "Orders.Business", "Orders.Business\Orders.Business.csproj", "{56335D76-23F8-4D08-AF44-96F14D509079}"
EndProject
Project("{FAE04EC0-301F-11D3-BF4B-00C04F79EFBC}") = "Orders.Common", "Orders.Common\Orders.Common.csproj", "{0E4AB9CE-C782-456D-BCEE-AF3B210DD6B4}"
EndProject
Global
	GlobalSection(SolutionConfigurationPlatforms) = preSolution
		Debug|Any CPU = Debug|Any CPU
		Release|Any CPU = Release|Any CPU
	EndGlobalSection
	GlobalSection(ProjectConfigurationPlatforms) = postSolution
		{66A8A6D5-734A-4D14-B518-1D6D90BD83A8}.Debug|Any CPU.ActiveCfg = Debug|Any CPU
		{66A8A6D5-734A-4D14-B518-1D6D90BD83A8}.Debug|Any CPU.Build.0 = Debug|Any CPU
		{66A8A6D5-734A-4D14-B518-1D6D90BD83A8}.Release|Any CPU.ActiveCfg = Release|Any CPU
		{66A8A6D5-734A-4D14-B518-1D6D90BD83A8}.Release|Any CPU.Build.0 = Release|Any CPU
		{6F1261C0-0235-4FE7-A8F5-1EBCF1D8107F}.Debug|Any CPU.ActiveCfg = Debug|Any CPU
		{6F1261C0-0235-4FE7-A8F5-1EBCF1D8107F}.Debug|Any CPU.Build.0 = Debug|Any CPU
		{6F1261C0-0235-4FE7-A8F5-1EBCF1D8107F}.Release|Any CPU.ActiveCfg = Release|Any CPU
		{6F1261C0-0235-4FE7-A8F5-1EBCF1D8107F}.Release|Any CPU.Build.0 = Release|Any CPU
		{56335D76-23F8-4D08-AF44-96F14D509079}.Debug|Any CPU.ActiveCfg = Debug|Any CPU
		{56335D76-23F8-4D08-AF44-96F14D509079}.Debug|Any CPU.Build.0 = Debug|Any CPU
		{56335D76-23F8-4D08-AF44-96F14D509079}.Release|Any CPU.ActiveCfg = Release|Any CPU
		{56335D76-23F8-4D08-AF44-96F14D509079}.Release|Any CPU.Build.0 = Release|Any CPU
		{0E4AB9CE-C782-456D-BCEE-AF3B210DD6B4}.Debug|Any CPU.ActiveCfg = Debug|Any CPU
		{0E4AB9CE-C782-456D-BCEE-AF3B210DD6B4}.Debug|Any CPU.Build.0 = Debug|Any CPU
		{0E4AB9CE-C782-456D-BCEE-AF3B210DD6B4}.Release|Any CPU.ActiveCfg = Release|Any CPU
		{0E4AB9CE-C782-456D-BCEE-AF3B210DD6B4}.Release|Any CPU.Build.0 = Release|Any CPU
	EndGlobalSection
	GlobalSection(SolutionProperties) = preSolution
		HideSolutionNode = FALSE
	EndGlobalSection
	GlobalSection(ExtensibilityGlobals) = postSolution
		SolutionGuid = {AA13A5D2-DA2C-4D9B-A6CC-B71F74F7BB44}
	EndGlobalSection
EndGlobal
